
Microsoft Visual Studio Solution File, Format Version 11.00
# Visual Studio 2010
Project("{2150E333-8FDC-42A3-9474-1A3956D46DE8}") = "Custom Draw", "Custom Draw", "{87ABDE91-D932-4885-868E-3416673A37EE}"
EndProject
Project("{2150E333-8FDC-42A3-9474-1A3956D46DE8}") = "General", "General", "{F7C1D83B-9F79-4A92-A301-4054D3B72A3F}"
EndProject
Project("{8BC9CEB8-8B4A-11D0-8D11-00A0C91BC942}") = "Events", "General\Events\Events.vcxproj", "{303E5D21-38CD-4DE6-A648-21795D32ABE2}"
EndProject
Project("{8BC9CEB8-8B4A-11D0-8D11-00A0C91BC942}") = "TransparentBackground", "General\Transparent Background\TransparentBackground.vcxproj", "{4FE6C6E4-8A6C-4376-B9E3-45E4D00EDF88}"
EndProject
Project("{8BC9CEB8-8B4A-11D0-8D11-00A0C91BC942}") = "LabeledTickMarks", "Custom Draw\Labeled Tick Marks\LabeledTickMarks.vcxproj", "{047C330B-0DD1-40D8-AF20-555EB6CE3735}"
EndProject
Global
	GlobalSection(SolutionConfigurationPlatforms) = preSolution
		Debug|Win32 = Debug|Win32
		Release|Win32 = Release|Win32
	EndGlobalSection
	GlobalSection(ProjectConfigurationPlatforms) = postSolution
		{303E5D21-38CD-4DE6-A648-21795D32ABE2}.Debug|Win32.ActiveCfg = Debug|Win32
		{303E5D21-38CD-4DE6-A648-21795D32ABE2}.Debug|Win32.Build.0 = Debug|Win32
		{303E5D21-38CD-4DE6-A648-21795D32ABE2}.Release|Win32.ActiveCfg = Release|Win32
		{303E5D21-38CD-4DE6-A648-21795D32ABE2}.Release|Win32.Build.0 = Release|Win32
		{4FE6C6E4-8A6C-4376-B9E3-45E4D00EDF88}.Debug|Win32.ActiveCfg = Debug|Win32
		{4FE6C6E4-8A6C-4376-B9E3-45E4D00EDF88}.Debug|Win32.Build.0 = Debug|Win32
		{4FE6C6E4-8A6C-4376-B9E3-45E4D00EDF88}.Release|Win32.ActiveCfg = Release|Win32
		{4FE6C6E4-8A6C-4376-B9E3-45E4D00EDF88}.Release|Win32.Build.0 = Release|Win32
		{047C330B-0DD1-40D8-AF20-555EB6CE3735}.Debug|Win32.ActiveCfg = Debug|Win32
		{047C330B-0DD1-40D8-AF20-555EB6CE3735}.Debug|Win32.Build.0 = Debug|Win32
		{047C330B-0DD1-40D8-AF20-555EB6CE3735}.Release|Win32.ActiveCfg = Release|Win32
		{047C330B-0DD1-40D8-AF20-555EB6CE3735}.Release|Win32.Build.0 = Release|Win32
	EndGlobalSection
	GlobalSection(SolutionProperties) = preSolution
		HideSolutionNode = FALSE
	EndGlobalSection
	GlobalSection(NestedProjects) = preSolution
		{047C330B-0DD1-40D8-AF20-555EB6CE3735} = {87ABDE91-D932-4885-868E-3416673A37EE}
		{303E5D21-38CD-4DE6-A648-21795D32ABE2} = {F7C1D83B-9F79-4A92-A301-4054D3B72A3F}
		{4FE6C6E4-8A6C-4376-B9E3-45E4D00EDF88} = {F7C1D83B-9F79-4A92-A301-4054D3B72A3F}
	EndGlobalSection
EndGlobal
