Microsoft Visual Studio Solution File, Format Version 11.00
# Visual Studio 2010
Project("{8BC9CEB8-8B4A-11D0-8D11-00A0C91BC942}") = "TransparentBackground", "TransparentBackground.vcxproj", "{4FE6C6E4-8A6C-4376-B9E3-45E4D00EDF88}"
EndProject
Global
	GlobalSection(SolutionConfigurationPlatforms) = preSolution
		Debug|Win32 = Debug|Win32
		Release|Win32 = Release|Win32
	EndGlobalSection
	GlobalSection(ProjectConfigurationPlatforms) = postSolution
		{4FE6C6E4-8A6C-4376-B9E3-45E4D00EDF88}.Debug|Win32.ActiveCfg = Debug|Win32
		{4FE6C6E4-8A6C-4376-B9E3-45E4D00EDF88}.Debug|Win32.Build.0 = Debug|Win32
		{4FE6C6E4-8A6C-4376-B9E3-45E4D00EDF88}.Release|Win32.ActiveCfg = Release|Win32
		{4FE6C6E4-8A6C-4376-B9E3-45E4D00EDF88}.Release|Win32.Build.0 = Release|Win32
	EndGlobalSection
	GlobalSection(SolutionProperties) = preSolution
		HideSolutionNode = FALSE
	EndGlobalSection
EndGlobal
