
Microsoft Visual Studio Solution File, Format Version 11.00
# Visual Studio 2010
Project("{8BC9CEB8-8B4A-11D0-8D11-00A0C91BC942}") = "LabeledTickMarks", "LabeledTickMarks.vcxproj", "{047C330B-0DD1-40D8-AF20-555EB6CE3735}"
EndProject
Global
	GlobalSection(SolutionConfigurationPlatforms) = preSolution
		Debug|Win32 = Debug|Win32
		Release|Win32 = Release|Win32
	EndGlobalSection
	GlobalSection(ProjectConfigurationPlatforms) = postSolution
		{047C330B-0DD1-40D8-AF20-555EB6CE3735}.Debug|Win32.ActiveCfg = Debug|Win32
		{047C330B-0DD1-40D8-AF20-555EB6CE3735}.Release|Win32.ActiveCfg = Release|Win32
	EndGlobalSection
	GlobalSection(SolutionProperties) = preSolution
		HideSolutionNode = FALSE
	EndGlobalSection
EndGlobal
